
Microsoft Visual Studio Solution File, Format Version 12.00
# Visual Studio Version 16
VisualStudioVersion = 16.0.30204.135
MinimumVisualStudioVersion = 10.0.40219.1
Project("{2150E333-8FDC-42A3-9474-1A3956D46DE8}") = "Solution Items", "Solution Items", "{22ABC5EB-1243-4A43-8596-C9395960700E}"
EndProject
Project("{9A19103F-16F7-4668-BE54-9A1E7A4F7556}") = "MaxMind.MinFraud", "MaxMind.MinFraud\MaxMind.MinFraud.csproj", "{7208D9C8-F862-4675-80E5-77A2F8901B96}"
EndProject
Project("{9A19103F-16F7-4668-BE54-9A1E7A4F7556}") = "MaxMind.MinFraud.UnitTest", "MaxMind.MinFraud.UnitTest\MaxMind.MinFraud.UnitTest.csproj", "{B94CD151-77D9-4423-BB17-504264B109D2}"
EndProject
Global
	GlobalSection(SolutionConfigurationPlatforms) = preSolution
		Debug|Any CPU = Debug|Any CPU
		Release|Any CPU = Release|Any CPU
	EndGlobalSection
	GlobalSection(ProjectConfigurationPlatforms) = postSolution
		{7208D9C8-F862-4675-80E5-77A2F8901B96}.Debug|Any CPU.ActiveCfg = Debug|Any CPU
		{7208D9C8-F862-4675-80E5-77A2F8901B96}.Debug|Any CPU.Build.0 = Debug|Any CPU
		{7208D9C8-F862-4675-80E5-77A2F8901B96}.Release|Any CPU.ActiveCfg = Release|Any CPU
		{7208D9C8-F862-4675-80E5-77A2F8901B96}.Release|Any CPU.Build.0 = Release|Any CPU
		{B94CD151-77D9-4423-BB17-504264B109D2}.Debug|Any CPU.ActiveCfg = Debug|Any CPU
		{B94CD151-77D9-4423-BB17-504264B109D2}.Debug|Any CPU.Build.0 = Debug|Any CPU
		{B94CD151-77D9-4423-BB17-504264B109D2}.Release|Any CPU.ActiveCfg = Release|Any CPU
		{B94CD151-77D9-4423-BB17-504264B109D2}.Release|Any CPU.Build.0 = Release|Any CPU
	EndGlobalSection
	GlobalSection(SolutionProperties) = preSolution
		HideSolutionNode = FALSE
	EndGlobalSection
	GlobalSection(ExtensibilityGlobals) = postSolution
		SolutionGuid = {CD54BED9-2AA1-4346-B570-FE3C07238379}
	EndGlobalSection
EndGlobal
